
Microsoft Visual Studio Solution File, Format Version 12.00
# Visual Studio Version 16
VisualStudioVersion = 25.0.1700.0
MinimumVisualStudioVersion = 10.0.40219.1
Project("{FAE04EC0-301F-11D3-BF4B-00C04F79EFBC}") = "TripSorter", "TripSorter\TripSorter.csproj", "{59277702-8E19-45CD-89DA-D1BEDF2ACE45}"
EndProject
Project("{FAE04EC0-301F-11D3-BF4B-00C04F79EFBC}") = "TripSort.UnitTesst", "TripSort.UnitTesst\TripSort.UnitTesst.csproj", "{340AC80B-8112-4FB2-B8A3-8747CAE708C7}"
EndProject
Project("{FAE04EC0-301F-11D3-BF4B-00C04F79EFBC}") = "TripSort.UI", "TripSort.UI\TripSort.UI.csproj", "{22915863-2990-46D5-84AD-05EE54DEBC74}"
EndProject
Global
	GlobalSection(SolutionConfigurationPlatforms) = preSolution
		Debug|Any CPU = Debug|Any CPU
		Release|Any CPU = Release|Any CPU
	EndGlobalSection
	GlobalSection(ProjectConfigurationPlatforms) = postSolution
		{59277702-8E19-45CD-89DA-D1BEDF2ACE45}.Debug|Any CPU.ActiveCfg = Debug|Any CPU
		{59277702-8E19-45CD-89DA-D1BEDF2ACE45}.Debug|Any CPU.Build.0 = Debug|Any CPU
		{59277702-8E19-45CD-89DA-D1BEDF2ACE45}.Release|Any CPU.ActiveCfg = Release|Any CPU
		{59277702-8E19-45CD-89DA-D1BEDF2ACE45}.Release|Any CPU.Build.0 = Release|Any CPU
		{340AC80B-8112-4FB2-B8A3-8747CAE708C7}.Debug|Any CPU.ActiveCfg = Debug|Any CPU
		{340AC80B-8112-4FB2-B8A3-8747CAE708C7}.Debug|Any CPU.Build.0 = Debug|Any CPU
		{340AC80B-8112-4FB2-B8A3-8747CAE708C7}.Release|Any CPU.ActiveCfg = Release|Any CPU
		{340AC80B-8112-4FB2-B8A3-8747CAE708C7}.Release|Any CPU.Build.0 = Release|Any CPU
		{22915863-2990-46D5-84AD-05EE54DEBC74}.Debug|Any CPU.ActiveCfg = Debug|Any CPU
		{22915863-2990-46D5-84AD-05EE54DEBC74}.Debug|Any CPU.Build.0 = Debug|Any CPU
		{22915863-2990-46D5-84AD-05EE54DEBC74}.Release|Any CPU.ActiveCfg = Release|Any CPU
		{22915863-2990-46D5-84AD-05EE54DEBC74}.Release|Any CPU.Build.0 = Release|Any CPU
	EndGlobalSection
	GlobalSection(SolutionProperties) = preSolution
		HideSolutionNode = FALSE
	EndGlobalSection
	GlobalSection(ExtensibilityGlobals) = postSolution
		SolutionGuid = {35E1EF77-FDB9-4760-B8FA-46D10A3E85B1}
	EndGlobalSection
EndGlobal
